
Microsoft Visual Studio Solution File, Format Version 12.00
# Visual Studio Version 17
VisualStudioVersion = 17.7.34024.191
MinimumVisualStudioVersion = 10.0.40219.1
Project("{9A19103F-16F7-4668-BE54-9A1E7A4F7556}") = "WebAppDemoRazorPages", "ASP.NET Core\WebAppDemoRazorPages\WebAppDemoRazorPages.csproj", "{E8180A90-0727-4D2D-99F3-C637F7A7AB76}"
EndProject
Project("{9A19103F-16F7-4668-BE54-9A1E7A4F7556}") = "WebAppDemoMVC", "ASP.NET Core\WebAppDemoMVC\WebAppDemoMVC.csproj", "{32E23522-33D8-4555-B55C-6CD9DFDC81C2}"
EndProject
Project("{9A19103F-16F7-4668-BE54-9A1E7A4F7556}") = "WebAppDemoApi", "ASP.NET Core\WebAppDemoApi\WebAppDemoApi.csproj", "{7DC17289-5326-4E1E-A469-539E2A6605C8}"
EndProject
Project("{9A19103F-16F7-4668-BE54-9A1E7A4F7556}") = "BlazorAppServerDemo", "ASP.NET Core\BlazorAppServerDemo\BlazorAppServerDemo.csproj", "{807F0166-15D6-454F-AB68-AA0C3AE97E95}"
EndProject
Project("{9A19103F-16F7-4668-BE54-9A1E7A4F7556}") = "BlazorAppWebAsseblyDemo.Server", "ASP.NET Core\BlazorAppWebAsseblyDemo\Server\BlazorAppWebAsseblyDemo.Server.csproj", "{2F12DFCD-4CC3-4DCE-BF87-2E0B04B59990}"
EndProject
Project("{9A19103F-16F7-4668-BE54-9A1E7A4F7556}") = "BlazorAppWebAsseblyDemo.Client", "ASP.NET Core\BlazorAppWebAsseblyDemo\Client\BlazorAppWebAsseblyDemo.Client.csproj", "{A46EC5AD-838C-4D95-AC63-9D001360561E}"
EndProject
Project("{9A19103F-16F7-4668-BE54-9A1E7A4F7556}") = "BlazorAppWebAsseblyDemo.Shared", "ASP.NET Core\BlazorAppWebAsseblyDemo\Shared\BlazorAppWebAsseblyDemo.Shared.csproj", "{ECDA3D38-CE09-4E89-870C-9A8D3F6985CF}"
EndProject
Project("{9A19103F-16F7-4668-BE54-9A1E7A4F7556}") = "DemoClients", "DemoClients\DemoClients.csproj", "{1D45BD03-0859-4308-832F-7A0C7467A4FC}"
EndProject
Project("{9A19103F-16F7-4668-BE54-9A1E7A4F7556}") = "OrganizationManager", "OrganizationManager\OrganizationManager.csproj", "{FE226B37-497A-46B7-A9CC-2500F0CF122F}"
EndProject
Project("{FAE04EC0-301F-11D3-BF4B-00C04F79EFBC}") = "WebClientDemo", "WebClientDemo\WebClientDemo.csproj", "{A7F2A7F3-B124-49E3-922F-05013A308050}"
EndProject
Project("{2150E333-8FDC-42A3-9474-1A3956D46DE8}") = "SystemProg", "SystemProg", "{1A5112E2-1B64-40DA-A499-A3931D604A12}"
EndProject
Project("{9A19103F-16F7-4668-BE54-9A1E7A4F7556}") = "ProcessDemo", "SystemProg\ProcessDemo\ProcessDemo.csproj", "{EBE7C77D-347F-41E0-BFF4-30911C01E7EB}"
EndProject
Project("{9A19103F-16F7-4668-BE54-9A1E7A4F7556}") = "DLLImportDemo", "DLLImportDemo\DLLImportDemo.csproj", "{519217DB-EADE-4078-BDF3-488D59077377}"
EndProject
Project("{9A19103F-16F7-4668-BE54-9A1E7A4F7556}") = "ThreadDemo", "ThreadDemo\ThreadDemo.csproj", "{BAD409AD-0684-4252-9EED-2980BE2A3694}"
EndProject
Project("{9A19103F-16F7-4668-BE54-9A1E7A4F7556}") = "MonitorDemo", "MonitorDemo\MonitorDemo.csproj", "{4BEFCD6B-CA4A-4AF4-B764-E2425015A227}"
EndProject
Project("{9A19103F-16F7-4668-BE54-9A1E7A4F7556}") = "MutexADemo", "MutexADemo\MutexADemo.csproj", "{396DDD83-053C-4B54-9C3A-1352EF9EA788}"
EndProject
Project("{9A19103F-16F7-4668-BE54-9A1E7A4F7556}") = "MutexBDemo", "MutexBDemo\MutexBDemo.csproj", "{EDA4B68E-9DC5-4074-8A7A-8295B0112B8B}"
EndProject
Project("{9A19103F-16F7-4668-BE54-9A1E7A4F7556}") = "ThreadingLogger", "ThreadingLogger\ThreadingLogger.csproj", "{960DABF2-452E-4BB7-AB19-8CA43E71263E}"
EndProject
Project("{9A19103F-16F7-4668-BE54-9A1E7A4F7556}") = "SemaphoreDemo", "SemaphoreDemo\SemaphoreDemo.csproj", "{6E0A0A47-D084-4E51-B003-B720172D851A}"
EndProject
Project("{9A19103F-16F7-4668-BE54-9A1E7A4F7556}") = "ThreadPoolDemo1", "ThreadPoolDemo1\ThreadPoolDemo1.csproj", "{EE1C80D0-4C20-411B-AD75-E6BBBBCC4132}"
EndProject
Project("{9A19103F-16F7-4668-BE54-9A1E7A4F7556}") = "ArchiverDemo", "ArchiverDemo\ArchiverDemo.csproj", "{4BAF89DD-8634-4E38-A27A-51DD26A6213C}"
EndProject
Project("{2150E333-8FDC-42A3-9474-1A3956D46DE8}") = "NetProg", "NetProg", "{699E2677-9474-4F06-A39D-800C8CDF1F7C}"
EndProject
Project("{FAE04EC0-301F-11D3-BF4B-00C04F79EFBC}") = "SocketDemo", "SocketDemo\SocketDemo.csproj", "{7BD29813-0F8C-404E-8F28-70291754A891}"
EndProject
Project("{FAE04EC0-301F-11D3-BF4B-00C04F79EFBC}") = "ServerSocketDemo", "ServerSocketDemo\ServerSocketDemo.csproj", "{1301953B-6550-4B95-8203-E9B6D4C3178C}"
EndProject
Project("{FAE04EC0-301F-11D3-BF4B-00C04F79EFBC}") = "SocketClientDemo", "SocketClientDemo\SocketClientDemo.csproj", "{486B80EF-E46B-4CB6-82B2-C6CE62332433}"
EndProject
Global
	GlobalSection(SolutionConfigurationPlatforms) = preSolution
		Debug|Any CPU = Debug|Any CPU
		Release|Any CPU = Release|Any CPU
	EndGlobalSection
	GlobalSection(ProjectConfigurationPlatforms) = postSolution
		{E8180A90-0727-4D2D-99F3-C637F7A7AB76}.Debug|Any CPU.ActiveCfg = Debug|Any CPU
		{E8180A90-0727-4D2D-99F3-C637F7A7AB76}.Debug|Any CPU.Build.0 = Debug|Any CPU
		{E8180A90-0727-4D2D-99F3-C637F7A7AB76}.Release|Any CPU.ActiveCfg = Release|Any CPU
		{E8180A90-0727-4D2D-99F3-C637F7A7AB76}.Release|Any CPU.Build.0 = Release|Any CPU
		{32E23522-33D8-4555-B55C-6CD9DFDC81C2}.Debug|Any CPU.ActiveCfg = Debug|Any CPU
		{32E23522-33D8-4555-B55C-6CD9DFDC81C2}.Debug|Any CPU.Build.0 = Debug|Any CPU
		{32E23522-33D8-4555-B55C-6CD9DFDC81C2}.Release|Any CPU.ActiveCfg = Release|Any CPU
		{32E23522-33D8-4555-B55C-6CD9DFDC81C2}.Release|Any CPU.Build.0 = Release|Any CPU
		{7DC17289-5326-4E1E-A469-539E2A6605C8}.Debug|Any CPU.ActiveCfg = Debug|Any CPU
		{7DC17289-5326-4E1E-A469-539E2A6605C8}.Debug|Any CPU.Build.0 = Debug|Any CPU
		{7DC17289-5326-4E1E-A469-539E2A6605C8}.Release|Any CPU.ActiveCfg = Release|Any CPU
		{7DC17289-5326-4E1E-A469-539E2A6605C8}.Release|Any CPU.Build.0 = Release|Any CPU
		{807F0166-15D6-454F-AB68-AA0C3AE97E95}.Debug|Any CPU.ActiveCfg = Debug|Any CPU
		{807F0166-15D6-454F-AB68-AA0C3AE97E95}.Debug|Any CPU.Build.0 = Debug|Any CPU
		{807F0166-15D6-454F-AB68-AA0C3AE97E95}.Release|Any CPU.ActiveCfg = Release|Any CPU
		{807F0166-15D6-454F-AB68-AA0C3AE97E95}.Release|Any CPU.Build.0 = Release|Any CPU
		{2F12DFCD-4CC3-4DCE-BF87-2E0B04B59990}.Debug|Any CPU.ActiveCfg = Debug|Any CPU
		{2F12DFCD-4CC3-4DCE-BF87-2E0B04B59990}.Debug|Any CPU.Build.0 = Debug|Any CPU
		{2F12DFCD-4CC3-4DCE-BF87-2E0B04B59990}.Release|Any CPU.ActiveCfg = Release|Any CPU
		{2F12DFCD-4CC3-4DCE-BF87-2E0B04B59990}.Release|Any CPU.Build.0 = Release|Any CPU
		{A46EC5AD-838C-4D95-AC63-9D001360561E}.Debug|Any CPU.ActiveCfg = Debug|Any CPU
		{A46EC5AD-838C-4D95-AC63-9D001360561E}.Debug|Any CPU.Build.0 = Debug|Any CPU
		{A46EC5AD-838C-4D95-AC63-9D001360561E}.Release|Any CPU.ActiveCfg = Release|Any CPU
		{A46EC5AD-838C-4D95-AC63-9D001360561E}.Release|Any CPU.Build.0 = Release|Any CPU
		{ECDA3D38-CE09-4E89-870C-9A8D3F6985CF}.Debug|Any CPU.ActiveCfg = Debug|Any CPU
		{ECDA3D38-CE09-4E89-870C-9A8D3F6985CF}.Debug|Any CPU.Build.0 = Debug|Any CPU
		{ECDA3D38-CE09-4E89-870C-9A8D3F6985CF}.Release|Any CPU.ActiveCfg = Release|Any CPU
		{ECDA3D38-CE09-4E89-870C-9A8D3F6985CF}.Release|Any CPU.Build.0 = Release|Any CPU
		{1D45BD03-0859-4308-832F-7A0C7467A4FC}.Debug|Any CPU.ActiveCfg = Debug|Any CPU
		{1D45BD03-0859-4308-832F-7A0C7467A4FC}.Debug|Any CPU.Build.0 = Debug|Any CPU
		{1D45BD03-0859-4308-832F-7A0C7467A4FC}.Release|Any CPU.ActiveCfg = Release|Any CPU
		{1D45BD03-0859-4308-832F-7A0C7467A4FC}.Release|Any CPU.Build.0 = Release|Any CPU
		{FE226B37-497A-46B7-A9CC-2500F0CF122F}.Debug|Any CPU.ActiveCfg = Debug|Any CPU
		{FE226B37-497A-46B7-A9CC-2500F0CF122F}.Debug|Any CPU.Build.0 = Debug|Any CPU
		{FE226B37-497A-46B7-A9CC-2500F0CF122F}.Release|Any CPU.ActiveCfg = Release|Any CPU
		{FE226B37-497A-46B7-A9CC-2500F0CF122F}.Release|Any CPU.Build.0 = Release|Any CPU
		{A7F2A7F3-B124-49E3-922F-05013A308050}.Debug|Any CPU.ActiveCfg = Debug|Any CPU
		{A7F2A7F3-B124-49E3-922F-05013A308050}.Debug|Any CPU.Build.0 = Debug|Any CPU
		{A7F2A7F3-B124-49E3-922F-05013A308050}.Release|Any CPU.ActiveCfg = Release|Any CPU
		{A7F2A7F3-B124-49E3-922F-05013A308050}.Release|Any CPU.Build.0 = Release|Any CPU
		{EBE7C77D-347F-41E0-BFF4-30911C01E7EB}.Debug|Any CPU.ActiveCfg = Debug|Any CPU
		{EBE7C77D-347F-41E0-BFF4-30911C01E7EB}.Debug|Any CPU.Build.0 = Debug|Any CPU
		{EBE7C77D-347F-41E0-BFF4-30911C01E7EB}.Release|Any CPU.ActiveCfg = Release|Any CPU
		{EBE7C77D-347F-41E0-BFF4-30911C01E7EB}.Release|Any CPU.Build.0 = Release|Any CPU
		{519217DB-EADE-4078-BDF3-488D59077377}.Debug|Any CPU.ActiveCfg = Debug|Any CPU
		{519217DB-EADE-4078-BDF3-488D59077377}.Debug|Any CPU.Build.0 = Debug|Any CPU
		{519217DB-EADE-4078-BDF3-488D59077377}.Release|Any CPU.ActiveCfg = Release|Any CPU
		{519217DB-EADE-4078-BDF3-488D59077377}.Release|Any CPU.Build.0 = Release|Any CPU
		{BAD409AD-0684-4252-9EED-2980BE2A3694}.Debug|Any CPU.ActiveCfg = Debug|Any CPU
		{BAD409AD-0684-4252-9EED-2980BE2A3694}.Debug|Any CPU.Build.0 = Debug|Any CPU
		{BAD409AD-0684-4252-9EED-2980BE2A3694}.Release|Any CPU.ActiveCfg = Release|Any CPU
		{BAD409AD-0684-4252-9EED-2980BE2A3694}.Release|Any CPU.Build.0 = Release|Any CPU
		{4BEFCD6B-CA4A-4AF4-B764-E2425015A227}.Debug|Any CPU.ActiveCfg = Debug|Any CPU
		{4BEFCD6B-CA4A-4AF4-B764-E2425015A227}.Debug|Any CPU.Build.0 = Debug|Any CPU
		{4BEFCD6B-CA4A-4AF4-B764-E2425015A227}.Release|Any CPU.ActiveCfg = Release|Any CPU
		{4BEFCD6B-CA4A-4AF4-B764-E2425015A227}.Release|Any CPU.Build.0 = Release|Any CPU
		{396DDD83-053C-4B54-9C3A-1352EF9EA788}.Debug|Any CPU.ActiveCfg = Debug|Any CPU
		{396DDD83-053C-4B54-9C3A-1352EF9EA788}.Debug|Any CPU.Build.0 = Debug|Any CPU
		{396DDD83-053C-4B54-9C3A-1352EF9EA788}.Release|Any CPU.ActiveCfg = Release|Any CPU
		{396DDD83-053C-4B54-9C3A-1352EF9EA788}.Release|Any CPU.Build.0 = Release|Any CPU
		{EDA4B68E-9DC5-4074-8A7A-8295B0112B8B}.Debug|Any CPU.ActiveCfg = Debug|Any CPU
		{EDA4B68E-9DC5-4074-8A7A-8295B0112B8B}.Debug|Any CPU.Build.0 = Debug|Any CPU
		{EDA4B68E-9DC5-4074-8A7A-8295B0112B8B}.Release|Any CPU.ActiveCfg = Release|Any CPU
		{EDA4B68E-9DC5-4074-8A7A-8295B0112B8B}.Release|Any CPU.Build.0 = Release|Any CPU
		{960DABF2-452E-4BB7-AB19-8CA43E71263E}.Debug|Any CPU.ActiveCfg = Debug|Any CPU
		{960DABF2-452E-4BB7-AB19-8CA43E71263E}.Debug|Any CPU.Build.0 = Debug|Any CPU
		{960DABF2-452E-4BB7-AB19-8CA43E71263E}.Release|Any CPU.ActiveCfg = Release|Any CPU
		{960DABF2-452E-4BB7-AB19-8CA43E71263E}.Release|Any CPU.Build.0 = Release|Any CPU
		{6E0A0A47-D084-4E51-B003-B720172D851A}.Debug|Any CPU.ActiveCfg = Debug|Any CPU
		{6E0A0A47-D084-4E51-B003-B720172D851A}.Debug|Any CPU.Build.0 = Debug|Any CPU
		{6E0A0A47-D084-4E51-B003-B720172D851A}.Release|Any CPU.ActiveCfg = Release|Any CPU
		{6E0A0A47-D084-4E51-B003-B720172D851A}.Release|Any CPU.Build.0 = Release|Any CPU
		{EE1C80D0-4C20-411B-AD75-E6BBBBCC4132}.Debug|Any CPU.ActiveCfg = Debug|Any CPU
		{EE1C80D0-4C20-411B-AD75-E6BBBBCC4132}.Debug|Any CPU.Build.0 = Debug|Any CPU
		{EE1C80D0-4C20-411B-AD75-E6BBBBCC4132}.Release|Any CPU.ActiveCfg = Release|Any CPU
		{EE1C80D0-4C20-411B-AD75-E6BBBBCC4132}.Release|Any CPU.Build.0 = Release|Any CPU
		{4BAF89DD-8634-4E38-A27A-51DD26A6213C}.Debug|Any CPU.ActiveCfg = Debug|Any CPU
		{4BAF89DD-8634-4E38-A27A-51DD26A6213C}.Debug|Any CPU.Build.0 = Debug|Any CPU
		{4BAF89DD-8634-4E38-A27A-51DD26A6213C}.Release|Any CPU.ActiveCfg = Release|Any CPU
		{4BAF89DD-8634-4E38-A27A-51DD26A6213C}.Release|Any CPU.Build.0 = Release|Any CPU
		{7BD29813-0F8C-404E-8F28-70291754A891}.Debug|Any CPU.ActiveCfg = Debug|Any CPU
		{7BD29813-0F8C-404E-8F28-70291754A891}.Debug|Any CPU.Build.0 = Debug|Any CPU
		{7BD29813-0F8C-404E-8F28-70291754A891}.Release|Any CPU.ActiveCfg = Release|Any CPU
		{7BD29813-0F8C-404E-8F28-70291754A891}.Release|Any CPU.Build.0 = Release|Any CPU
		{1301953B-6550-4B95-8203-E9B6D4C3178C}.Debug|Any CPU.ActiveCfg = Debug|Any CPU
		{1301953B-6550-4B95-8203-E9B6D4C3178C}.Debug|Any CPU.Build.0 = Debug|Any CPU
		{1301953B-6550-4B95-8203-E9B6D4C3178C}.Release|Any CPU.ActiveCfg = Release|Any CPU
		{1301953B-6550-4B95-8203-E9B6D4C3178C}.Release|Any CPU.Build.0 = Release|Any CPU
		{486B80EF-E46B-4CB6-82B2-C6CE62332433}.Debug|Any CPU.ActiveCfg = Debug|Any CPU
		{486B80EF-E46B-4CB6-82B2-C6CE62332433}.Debug|Any CPU.Build.0 = Debug|Any CPU
		{486B80EF-E46B-4CB6-82B2-C6CE62332433}.Release|Any CPU.ActiveCfg = Release|Any CPU
		{486B80EF-E46B-4CB6-82B2-C6CE62332433}.Release|Any CPU.Build.0 = Release|Any CPU
	EndGlobalSection
	GlobalSection(SolutionProperties) = preSolution
		HideSolutionNode = FALSE
	EndGlobalSection
	GlobalSection(NestedProjects) = preSolution
		{EBE7C77D-347F-41E0-BFF4-30911C01E7EB} = {1A5112E2-1B64-40DA-A499-A3931D604A12}
		{519217DB-EADE-4078-BDF3-488D59077377} = {1A5112E2-1B64-40DA-A499-A3931D604A12}
		{BAD409AD-0684-4252-9EED-2980BE2A3694} = {1A5112E2-1B64-40DA-A499-A3931D604A12}
		{4BEFCD6B-CA4A-4AF4-B764-E2425015A227} = {1A5112E2-1B64-40DA-A499-A3931D604A12}
		{396DDD83-053C-4B54-9C3A-1352EF9EA788} = {1A5112E2-1B64-40DA-A499-A3931D604A12}
		{EDA4B68E-9DC5-4074-8A7A-8295B0112B8B} = {1A5112E2-1B64-40DA-A499-A3931D604A12}
		{960DABF2-452E-4BB7-AB19-8CA43E71263E} = {1A5112E2-1B64-40DA-A499-A3931D604A12}
		{6E0A0A47-D084-4E51-B003-B720172D851A} = {1A5112E2-1B64-40DA-A499-A3931D604A12}
		{EE1C80D0-4C20-411B-AD75-E6BBBBCC4132} = {1A5112E2-1B64-40DA-A499-A3931D604A12}
		{4BAF89DD-8634-4E38-A27A-51DD26A6213C} = {1A5112E2-1B64-40DA-A499-A3931D604A12}
		{7BD29813-0F8C-404E-8F28-70291754A891} = {699E2677-9474-4F06-A39D-800C8CDF1F7C}
		{1301953B-6550-4B95-8203-E9B6D4C3178C} = {699E2677-9474-4F06-A39D-800C8CDF1F7C}
		{486B80EF-E46B-4CB6-82B2-C6CE62332433} = {699E2677-9474-4F06-A39D-800C8CDF1F7C}
	EndGlobalSection
	GlobalSection(ExtensibilityGlobals) = postSolution
		SolutionGuid = {D3FAB0D3-C0B8-4818-A3C0-1903F12B1C27}
	EndGlobalSection
EndGlobal
